
Microsoft Visual Studio Solution File, Format Version 12.00
# Visual Studio 15
VisualStudioVersion = 15.0.26430.6
MinimumVisualStudioVersion = 10.0.40219.1
Project("{FAE04EC0-301F-11D3-BF4B-00C04F79EFBC}") = "ImageCompressor", "ImageCompressor\ImageCompressor.csproj", "{A5FA264E-8187-41E0-85FC-17971754F899}"
EndProject
Project("{FAE04EC0-301F-11D3-BF4B-00C04F79EFBC}") = "ImageCompressorLib", "ImageCompressorLib\ImageCompressorLib.csproj", "{2FC8AC8D-CBBC-46A7-978B-3F560EF4D9EF}"
EndProject
Global
	GlobalSection(SolutionConfigurationPlatforms) = preSolution
		Debug|Any CPU = Debug|Any CPU
		Release|Any CPU = Release|Any CPU
	EndGlobalSection
	GlobalSection(ProjectConfigurationPlatforms) = postSolution
		{A5FA264E-8187-41E0-85FC-17971754F899}.Debug|Any CPU.ActiveCfg = Debug|Any CPU
		{A5FA264E-8187-41E0-85FC-17971754F899}.Debug|Any CPU.Build.0 = Debug|Any CPU
		{A5FA264E-8187-41E0-85FC-17971754F899}.Release|Any CPU.ActiveCfg = Release|Any CPU
		{A5FA264E-8187-41E0-85FC-17971754F899}.Release|Any CPU.Build.0 = Release|Any CPU
		{2FC8AC8D-CBBC-46A7-978B-3F560EF4D9EF}.Debug|Any CPU.ActiveCfg = Debug|Any CPU
		{2FC8AC8D-CBBC-46A7-978B-3F560EF4D9EF}.Debug|Any CPU.Build.0 = Debug|Any CPU
		{2FC8AC8D-CBBC-46A7-978B-3F560EF4D9EF}.Release|Any CPU.ActiveCfg = Release|Any CPU
		{2FC8AC8D-CBBC-46A7-978B-3F560EF4D9EF}.Release|Any CPU.Build.0 = Release|Any CPU
	EndGlobalSection
	GlobalSection(SolutionProperties) = preSolution
		HideSolutionNode = FALSE
	EndGlobalSection
EndGlobal
